
Microsoft Visual Studio Solution File, Format Version 12.00
# Visual Studio Version 17
VisualStudioVersion = 17.2.32526.322
MinimumVisualStudioVersion = 10.0.40219.1
Project("{FAE04EC0-301F-11D3-BF4B-00C04F79EFBC}") = "MvcCoreAdoNet", "MvcCoreAdoNet\MvcCoreAdoNet.csproj", "{F7D8EDA9-06BE-4A13-9DFD-BB0F118A1C17}"
EndProject
Global
	GlobalSection(SolutionConfigurationPlatforms) = preSolution
		Debug|Any CPU = Debug|Any CPU
		Release|Any CPU = Release|Any CPU
	EndGlobalSection
	GlobalSection(ProjectConfigurationPlatforms) = postSolution
		{F7D8EDA9-06BE-4A13-9DFD-BB0F118A1C17}.Debug|Any CPU.ActiveCfg = Debug|Any CPU
		{F7D8EDA9-06BE-4A13-9DFD-BB0F118A1C17}.Debug|Any CPU.Build.0 = Debug|Any CPU
		{F7D8EDA9-06BE-4A13-9DFD-BB0F118A1C17}.Release|Any CPU.ActiveCfg = Release|Any CPU
		{F7D8EDA9-06BE-4A13-9DFD-BB0F118A1C17}.Release|Any CPU.Build.0 = Release|Any CPU
	EndGlobalSection
	GlobalSection(SolutionProperties) = preSolution
		HideSolutionNode = FALSE
	EndGlobalSection
	GlobalSection(ExtensibilityGlobals) = postSolution
		SolutionGuid = {79A4BDD0-C2E9-4710-AB9C-B6C9A66D85FA}
	EndGlobalSection
EndGlobal
